
Microsoft Visual Studio Solution File, Format Version 12.00
# Visual Studio Version 17
VisualStudioVersion = 17.7.34031.279
MinimumVisualStudioVersion = 10.0.40219.1
Project("{FAE04EC0-301F-11D3-BF4B-00C04F79EFBC}") = "Yanvar19", "Yanvar19\Yanvar19.csproj", "{6779A3F7-D509-4EC9-8631-9C0A414B06AB}"
EndProject
Global
	GlobalSection(SolutionConfigurationPlatforms) = preSolution
		Debug|Any CPU = Debug|Any CPU
		Release|Any CPU = Release|Any CPU
	EndGlobalSection
	GlobalSection(ProjectConfigurationPlatforms) = postSolution
		{6779A3F7-D509-4EC9-8631-9C0A414B06AB}.Debug|Any CPU.ActiveCfg = Debug|Any CPU
		{6779A3F7-D509-4EC9-8631-9C0A414B06AB}.Debug|Any CPU.Build.0 = Debug|Any CPU
		{6779A3F7-D509-4EC9-8631-9C0A414B06AB}.Release|Any CPU.ActiveCfg = Release|Any CPU
		{6779A3F7-D509-4EC9-8631-9C0A414B06AB}.Release|Any CPU.Build.0 = Release|Any CPU
	EndGlobalSection
	GlobalSection(SolutionProperties) = preSolution
		HideSolutionNode = FALSE
	EndGlobalSection
	GlobalSection(ExtensibilityGlobals) = postSolution
		SolutionGuid = {1C3B7FED-7840-4B85-8133-00A1583C5C4B}
	EndGlobalSection
EndGlobal
